// !$*UTF8*$!
{
	archiveVersion = 1;
	classes = {
	};
	objectVersion = 50;
	objects = {

/* Begin PBXBuildFile section */
		AE03B8F4220CCAC50017B053 /* AuthenticationDAO.swift in Sources */ = {isa = PBXBuildFile; fileRef = AE03B8F3220CCAC50017B053 /* AuthenticationDAO.swift */; };
		AE03B8F6220CCAEA0017B053 /* UserDAO.swift in Sources */ = {isa = PBXBuildFile; fileRef = AE03B8F5220CCAEA0017B053 /* UserDAO.swift */; };
		AE03B8F8220CCAFB0017B053 /* PostDAO.swift in Sources */ = {isa = PBXBuildFile; fileRef = AE03B8F7220CCAFB0017B053 /* PostDAO.swift */; };
		AE03B8FA220CCB940017B053 /* LoginViewController.swift in Sources */ = {isa = PBXBuildFile; fileRef = AE03B8F9220CCB940017B053 /* LoginViewController.swift */; };
		AE03B8FC220CCBCB0017B053 /* RegisterViewController.swift in Sources */ = {isa = PBXBuildFile; fileRef = AE03B8FB220CCBCB0017B053 /* RegisterViewController.swift */; };
		AE03B8FE220CCD1F0017B053 /* FeedTableViewController.swift in Sources */ = {isa = PBXBuildFile; fileRef = AE03B8FD220CCD1F0017B053 /* FeedTableViewController.swift */; };
		AE03B900220CCD4B0017B053 /* MainTabController.swift in Sources */ = {isa = PBXBuildFile; fileRef = AE03B8FF220CCD4B0017B053 /* MainTabController.swift */; };
		AE03B902220CCD840017B053 /* FeedViewCell.swift in Sources */ = {isa = PBXBuildFile; fileRef = AE03B901220CCD840017B053 /* FeedViewCell.swift */; };
		AE03B904220CCD9D0017B053 /* UploadViewController.swift in Sources */ = {isa = PBXBuildFile; fileRef = AE03B903220CCD9D0017B053 /* UploadViewController.swift */; };
		AE03B907220CD2800017B053 /* CameraHandler.swift in Sources */ = {isa = PBXBuildFile; fileRef = AE03B906220CD2800017B053 /* CameraHandler.swift */; };
		AE03B90B220CDBD70017B053 /* Podfile in Resources */ = {isa = PBXBuildFile; fileRef = AE03B90A220CDBD70017B053 /* Podfile */; };
		AE03B910220D786C0017B053 /* README.md in Resources */ = {isa = PBXBuildFile; fileRef = AE03B90F220D786C0017B053 /* README.md */; };
		AE03B912220D93020017B053 /* GradientHandler.swift in Sources */ = {isa = PBXBuildFile; fileRef = AE03B911220D93020017B053 /* GradientHandler.swift */; };
		AE03B916220D93A60017B053 /* UIColor+Extensions.swift in Sources */ = {isa = PBXBuildFile; fileRef = AE03B915220D93A60017B053 /* UIColor+Extensions.swift */; };
		AE03B918220D9B690017B053 /* ProfileViewController.swift in Sources */ = {isa = PBXBuildFile; fileRef = AE03B917220D9B690017B053 /* ProfileViewController.swift */; };
		AE03B91A220D9C4D0017B053 /* ProfileViewCell.swift in Sources */ = {isa = PBXBuildFile; fileRef = AE03B919220D9C4D0017B053 /* ProfileViewCell.swift */; };
		AE03B91C220DA8DD0017B053 /* ProfileCollectionViewController.swift in Sources */ = {isa = PBXBuildFile; fileRef = AE03B91B220DA8DD0017B053 /* ProfileCollectionViewController.swift */; };
		AEBAAC08220CC58F002E32BB /* AppDelegate.swift in Sources */ = {isa = PBXBuildFile; fileRef = AEBAAC07220CC58F002E32BB /* AppDelegate.swift */; };
		AEBAAC0F220CC591002E32BB /* Assets.xcassets in Resources */ = {isa = PBXBuildFile; fileRef = AEBAAC0E220CC591002E32BB /* Assets.xcassets */; };
		AEBAAC1A220CC5B0002E32BB /* .gitignore in Resources */ = {isa = PBXBuildFile; fileRef = AEBAAC19220CC5B0002E32BB /* .gitignore */; };
		AEBAAC1E220CC73B002E32BB /* Main.storyboard in Resources */ = {isa = PBXBuildFile; fileRef = AEBAAC1D220CC73B002E32BB /* Main.storyboard */; };
		AEBAAC21220CC84E002E32BB /* Post.swift in Sources */ = {isa = PBXBuildFile; fileRef = AEBAAC20220CC84E002E32BB /* Post.swift */; };
		AEBAAC23220CC862002E32BB /* User.swift in Sources */ = {isa = PBXBuildFile; fileRef = AEBAAC22220CC862002E32BB /* User.swift */; };
		DFCA9C5858A17B389EFE16A5 /* Pods_instapet.framework in Frameworks */ = {isa = PBXBuildFile; fileRef = F1F90D7ED7174D575A236227 /* Pods_instapet.framework */; };
/* End PBXBuildFile section */

/* Begin PBXFileReference section */
		A05F8E617C47F503419924EA /* Pods-instapet.release.xcconfig */ = {isa = PBXFileReference; includeInIndex = 1; lastKnownFileType = text.xcconfig; name = "Pods-instapet.release.xcconfig"; path = "Pods/Target Support Files/Pods-instapet/Pods-instapet.release.xcconfig"; sourceTree = "<group>"; };
		AE03B8F3220CCAC50017B053 /* AuthenticationDAO.swift */ = {isa = PBXFileReference; lastKnownFileType = sourcecode.swift; path = AuthenticationDAO.swift; sourceTree = "<group>"; };
		AE03B8F5220CCAEA0017B053 /* UserDAO.swift */ = {isa = PBXFileReference; lastKnownFileType = sourcecode.swift; path = UserDAO.swift; sourceTree = "<group>"; };
		AE03B8F7220CCAFB0017B053 /* PostDAO.swift */ = {isa = PBXFileReference; lastKnownFileType = sourcecode.swift; path = PostDAO.swift; sourceTree = "<group>"; };
		AE03B8F9220CCB940017B053 /* LoginViewController.swift */ = {isa = PBXFileReference; lastKnownFileType = sourcecode.swift; path = LoginViewController.swift; sourceTree = "<group>"; };
		AE03B8FB220CCBCB0017B053 /* RegisterViewController.swift */ = {isa = PBXFileReference; lastKnownFileType = sourcecode.swift; path = RegisterViewController.swift; sourceTree = "<group>"; };
		AE03B8FD220CCD1F0017B053 /* FeedTableViewController.swift */ = {isa = PBXFileReference; lastKnownFileType = sourcecode.swift; path = FeedTableViewController.swift; sourceTree = "<group>"; };
		AE03B8FF220CCD4B0017B053 /* MainTabController.swift */ = {isa = PBXFileReference; lastKnownFileType = sourcecode.swift; path = MainTabController.swift; sourceTree = "<group>"; };
		AE03B901220CCD840017B053 /* FeedViewCell.swift */ = {isa = PBXFileReference; lastKnownFileType = sourcecode.swift; path = FeedViewCell.swift; sourceTree = "<group>"; };
		AE03B903220CCD9D0017B053 /* UploadViewController.swift */ = {isa = PBXFileReference; lastKnownFileType = sourcecode.swift; path = UploadViewController.swift; sourceTree = "<group>"; };
		AE03B906220CD2800017B053 /* CameraHandler.swift */ = {isa = PBXFileReference; lastKnownFileType = sourcecode.swift; path = CameraHandler.swift; sourceTree = "<group>"; };
		AE03B90A220CDBD70017B053 /* Podfile */ = {isa = PBXFileReference; fileEncoding = 4; lastKnownFileType = text; path = Podfile; sourceTree = SOURCE_ROOT; };
		AE03B90F220D786C0017B053 /* README.md */ = {isa = PBXFileReference; fileEncoding = 4; lastKnownFileType = net.daringfireball.markdown; path = README.md; sourceTree = "<group>"; };
		AE03B911220D93020017B053 /* GradientHandler.swift */ = {isa = PBXFileReference; lastKnownFileType = sourcecode.swift; path = GradientHandler.swift; sourceTree = "<group>"; };
		AE03B915220D93A60017B053 /* UIColor+Extensions.swift */ = {isa = PBXFileReference; lastKnownFileType = sourcecode.swift; path = "UIColor+Extensions.swift"; sourceTree = "<group>"; };
		AE03B917220D9B690017B053 /* ProfileViewController.swift */ = {isa = PBXFileReference; lastKnownFileType = sourcecode.swift; path = ProfileViewController.swift; sourceTree = "<group>"; };
		AE03B919220D9C4D0017B053 /* ProfileViewCell.swift */ = {isa = PBXFileReference; lastKnownFileType = sourcecode.swift; path = ProfileViewCell.swift; sourceTree = "<group>"; };
		AE03B91B220DA8DD0017B053 /* ProfileCollectionViewController.swift */ = {isa = PBXFileReference; lastKnownFileType = sourcecode.swift; path = ProfileCollectionViewController.swift; sourceTree = "<group>"; };
		AEBAAC04220CC58F002E32BB /* instapet.app */ = {isa = PBXFileReference; explicitFileType = wrapper.application; includeInIndex = 0; path = instapet.app; sourceTree = BUILT_PRODUCTS_DIR; };
		AEBAAC07220CC58F002E32BB /* AppDelegate.swift */ = {isa = PBXFileReference; lastKnownFileType = sourcecode.swift; path = AppDelegate.swift; sourceTree = "<group>"; };
		AEBAAC0E220CC591002E32BB /* Assets.xcassets */ = {isa = PBXFileReference; lastKnownFileType = folder.assetcatalog; path = Assets.xcassets; sourceTree = "<group>"; };
		AEBAAC13220CC591002E32BB /* Info.plist */ = {isa = PBXFileReference; lastKnownFileType = text.plist.xml; path = Info.plist; sourceTree = "<group>"; };
		AEBAAC19220CC5B0002E32BB /* .gitignore */ = {isa = PBXFileReference; lastKnownFileType = text; path = .gitignore; sourceTree = "<group>"; };
		AEBAAC1D220CC73B002E32BB /* Main.storyboard */ = {isa = PBXFileReference; lastKnownFileType = file.storyboard; path = Main.storyboard; sourceTree = "<group>"; };
		AEBAAC20220CC84E002E32BB /* Post.swift */ = {isa = PBXFileReference; lastKnownFileType = sourcecode.swift; path = Post.swift; sourceTree = "<group>"; };
		AEBAAC22220CC862002E32BB /* User.swift */ = {isa = PBXFileReference; lastKnownFileType = sourcecode.swift; path = User.swift; sourceTree = "<group>"; };
		BEAC547DD5734449B32922F2 /* Pods-instapet.debug.xcconfig */ = {isa = PBXFileReference; includeInIndex = 1; lastKnownFileType = text.xcconfig; name = "Pods-instapet.debug.xcconfig"; path = "Pods/Target Support Files/Pods-instapet/Pods-instapet.debug.xcconfig"; sourceTree = "<group>"; };
		F1F90D7ED7174D575A236227 /* Pods_instapet.framework */ = {isa = PBXFileReference; explicitFileType = wrapper.framework; includeInIndex = 0; path = Pods_instapet.framework; sourceTree = BUILT_PRODUCTS_DIR; };
/* End PBXFileReference section */

/* Begin PBXFrameworksBuildPhase section */
		AEBAAC01220CC58F002E32BB /* Frameworks */ = {
			isa = PBXFrameworksBuildPhase;
			buildActionMask = 2147483647;
			files = (
				DFCA9C5858A17B389EFE16A5 /* Pods_instapet.framework in Frameworks */,
			);
			runOnlyForDeploymentPostprocessing = 0;
		};
/* End PBXFrameworksBuildPhase section */

/* Begin PBXGroup section */
		AE03B8F2220CCAA60017B053 /* DAO */ = {
			isa = PBXGroup;
			children = (
				AE03B8F3220CCAC50017B053 /* AuthenticationDAO.swift */,
				AE03B8F5220CCAEA0017B053 /* UserDAO.swift */,
				AE03B8F7220CCAFB0017B053 /* PostDAO.swift */,
			);
			path = DAO;
			sourceTree = "<group>";
		};
		AE03B905220CD2680017B053 /* Handler */ = {
			isa = PBXGroup;
			children = (
				AE03B906220CD2800017B053 /* CameraHandler.swift */,
				AE03B911220D93020017B053 /* GradientHandler.swift */,
			);
			path = Handler;
			sourceTree = "<group>";
		};
		AE03B913220D93790017B053 /* Extentions */ = {
			isa = PBXGroup;
			children = (
				AE03B915220D93A60017B053 /* UIColor+Extensions.swift */,
			);
			path = Extentions;
			sourceTree = "<group>";
		};
		AEBAABFB220CC58F002E32BB = {
			isa = PBXGroup;
			children = (
				AEBAAC19220CC5B0002E32BB /* .gitignore */,
				AE03B90F220D786C0017B053 /* README.md */,
				AEBAAC06220CC58F002E32BB /* instapet */,
				AEBAAC05220CC58F002E32BB /* Products */,
				CBE175DAAA18C45D3A0DC997 /* Pods */,
				F729C26AB94FAEDC9A6B6BBD /* Frameworks */,
			);
			sourceTree = "<group>";
		};
		AEBAAC05220CC58F002E32BB /* Products */ = {
			isa = PBXGroup;
			children = (
				AEBAAC04220CC58F002E32BB /* instapet.app */,
			);
			name = Products;
			sourceTree = "<group>";
		};
		AEBAAC06220CC58F002E32BB /* instapet */ = {
			isa = PBXGroup;
			children = (
				AE03B913220D93790017B053 /* Extentions */,
				AE03B905220CD2680017B053 /* Handler */,
				AE03B8F2220CCAA60017B053 /* DAO */,
				AEBAAC1F220CC811002E32BB /* Model */,
				AEBAAC1C220CC6DA002E32BB /* Storyboard */,
				AEBAAC1B220CC685002E32BB /* Controller */,
				AEBAAC07220CC58F002E32BB /* AppDelegate.swift */,
				AE03B90A220CDBD70017B053 /* Podfile */,
				AEBAAC0E220CC591002E32BB /* Assets.xcassets */,
				AEBAAC13220CC591002E32BB /* Info.plist */,
			);
			path = instapet;
			sourceTree = "<group>";
		};
		AEBAAC1B220CC685002E32BB /* Controller */ = {
			isa = PBXGroup;
			children = (
				AE03B8F9220CCB940017B053 /* LoginViewController.swift */,
				AE03B8FB220CCBCB0017B053 /* RegisterViewController.swift */,
				AE03B8FD220CCD1F0017B053 /* FeedTableViewController.swift */,
				AE03B8FF220CCD4B0017B053 /* MainTabController.swift */,
				AE03B901220CCD840017B053 /* FeedViewCell.swift */,
				AE03B903220CCD9D0017B053 /* UploadViewController.swift */,
				AE03B917220D9B690017B053 /* ProfileViewController.swift */,
				AE03B919220D9C4D0017B053 /* ProfileViewCell.swift */,
				AE03B91B220DA8DD0017B053 /* ProfileCollectionViewController.swift */,
			);
			path = Controller;
			sourceTree = "<group>";
		};
		AEBAAC1C220CC6DA002E32BB /* Storyboard */ = {
			isa = PBXGroup;
			children = (
				AEBAAC1D220CC73B002E32BB /* Main.storyboard */,
			);
			path = Storyboard;
			sourceTree = "<group>";
		};
		AEBAAC1F220CC811002E32BB /* Model */ = {
			isa = PBXGroup;
			children = (
				AEBAAC20220CC84E002E32BB /* Post.swift */,
				AEBAAC22220CC862002E32BB /* User.swift */,
			);
			path = Model;
			sourceTree = "<group>";
		};
		CBE175DAAA18C45D3A0DC997 /* Pods */ = {
			isa = PBXGroup;
			children = (
				BEAC547DD5734449B32922F2 /* Pods-instapet.debug.xcconfig */,
				A05F8E617C47F503419924EA /* Pods-instapet.release.xcconfig */,
			);
			name = Pods;
			sourceTree = "<group>";
		};
		F729C26AB94FAEDC9A6B6BBD /* Frameworks */ = {
			isa = PBXGroup;
			children = (
				F1F90D7ED7174D575A236227 /* Pods_instapet.framework */,
			);
			name = Frameworks;
			sourceTree = "<group>";
		};
/* End PBXGroup section */

/* Begin PBXNativeTarget section */
		AEBAAC03220CC58F002E32BB /* instapet */ = {
			isa = PBXNativeTarget;
			buildConfigurationList = AEBAAC16220CC591002E32BB /* Build configuration list for PBXNativeTarget "instapet" */;
			buildPhases = (
				EEFF4111314564409DA09879 /* [CP] Check Pods Manifest.lock */,
				AEBAAC00220CC58F002E32BB /* Sources */,
				AEBAAC01220CC58F002E32BB /* Frameworks */,
				AEBAAC02220CC58F002E32BB /* Resources */,
				1A1B86C319C3E97B28B51AC2 /* [CP] Embed Pods Frameworks */,
			);
			buildRules = (
			);
			dependencies = (
			);
			name = instapet;
			productName = instapet;
			productReference = AEBAAC04220CC58F002E32BB /* instapet.app */;
			productType = "com.apple.product-type.application";
		};
/* End PBXNativeTarget section */

/* Begin PBXProject section */
		AEBAABFC220CC58F002E32BB /* Project object */ = {
			isa = PBXProject;
			attributes = {
				LastSwiftUpdateCheck = 1010;
				LastUpgradeCheck = 1010;
				ORGANIZATIONNAME = colman;
				TargetAttributes = {
					AEBAAC03220CC58F002E32BB = {
						CreatedOnToolsVersion = 10.1;
					};
				};
			};
			buildConfigurationList = AEBAABFF220CC58F002E32BB /* Build configuration list for PBXProject "instapet" */;
			compatibilityVersion = "Xcode 9.3";
			developmentRegion = en;
			hasScannedForEncodings = 0;
			knownRegions = (
				en,
				Base,
			);
			mainGroup = AEBAABFB220CC58F002E32BB;
			productRefGroup = AEBAAC05220CC58F002E32BB /* Products */;
			projectDirPath = "";
			projectRoot = "";
			targets = (
				AEBAAC03220CC58F002E32BB /* instapet */,
			);
		};
/* End PBXProject section */

/* Begin PBXResourcesBuildPhase section */
		AEBAAC02220CC58F002E32BB /* Resources */ = {
			isa = PBXResourcesBuildPhase;
			buildActionMask = 2147483647;
			files = (
				AEBAAC1E220CC73B002E32BB /* Main.storyboard in Resources */,
				AEBAAC1A220CC5B0002E32BB /* .gitignore in Resources */,
				AE03B910220D786C0017B053 /* README.md in Resources */,
				AE03B90B220CDBD70017B053 /* Podfile in Resources */,
				AEBAAC0F220CC591002E32BB /* Assets.xcassets in Resources */,
			);
			runOnlyForDeploymentPostprocessing = 0;
		};
/* End PBXResourcesBuildPhase section */

/* Begin PBXShellScriptBuildPhase section */
		1A1B86C319C3E97B28B51AC2 /* [CP] Embed Pods Frameworks */ = {
			isa = PBXShellScriptBuildPhase;
			buildActionMask = 2147483647;
			files = (
			);
			inputFileListPaths = (
			);
			inputPaths = (
				"${SRCROOT}/Pods/Target Support Files/Pods-instapet/Pods-instapet-frameworks.sh",
				"${BUILT_PRODUCTS_DIR}/GTMSessionFetcher/GTMSessionFetcher.framework",
				"${BUILT_PRODUCTS_DIR}/GoogleUtilities/GoogleUtilities.framework",
				"${BUILT_PRODUCTS_DIR}/NVActivityIndicatorView/NVActivityIndicatorView.framework",
				"${BUILT_PRODUCTS_DIR}/SDWebImage/SDWebImage.framework",
				"${BUILT_PRODUCTS_DIR}/SQLite.swift/SQLite.framework",
				"${BUILT_PRODUCTS_DIR}/leveldb-library/leveldb.framework",
				"${BUILT_PRODUCTS_DIR}/nanopb/nanopb.framework",
			);
			name = "[CP] Embed Pods Frameworks";
			outputFileListPaths = (
			);
			outputPaths = (
				"${TARGET_BUILD_DIR}/${FRAMEWORKS_FOLDER_PATH}/GTMSessionFetcher.framework",
				"${TARGET_BUILD_DIR}/${FRAMEWORKS_FOLDER_PATH}/GoogleUtilities.framework",
				"${TARGET_BUILD_DIR}/${FRAMEWORKS_FOLDER_PATH}/NVActivityIndicatorView.framework",
				"${TARGET_BUILD_DIR}/${FRAMEWORKS_FOLDER_PATH}/SDWebImage.framework",
				"${TARGET_BUILD_DIR}/${FRAMEWORKS_FOLDER_PATH}/SQLite.framework",
				"${TARGET_BUILD_DIR}/${FRAMEWORKS_FOLDER_PATH}/leveldb.framework",
				"${TARGET_BUILD_DIR}/${FRAMEWORKS_FOLDER_PATH}/nanopb.framework",
			);
			runOnlyForDeploymentPostprocessing = 0;
			shellPath = /bin/sh;
			shellScript = "\"${SRCROOT}/Pods/Target Support Files/Pods-instapet/Pods-instapet-frameworks.sh\"\n";
			showEnvVarsInLog = 0;
		};
		EEFF4111314564409DA09879 /* [CP] Check Pods Manifest.lock */ = {
			isa = PBXShellScriptBuildPhase;
			buildActionMask = 2147483647;
			files = (
			);
			inputFileListPaths = (
			);
			inputPaths = (
				"${PODS_PODFILE_DIR_PATH}/Podfile.lock",
				"${PODS_ROOT}/Manifest.lock",
			);
			name = "[CP] Check Pods Manifest.lock";
			outputFileListPaths = (
			);
			outputPaths = (
				"$(DERIVED_FILE_DIR)/Pods-instapet-checkManifestLockResult.txt",
			);
			runOnlyForDeploymentPostprocessing = 0;
			shellPath = /bin/sh;
			shellScript = "diff \"${PODS_PODFILE_DIR_PATH}/Podfile.lock\" \"${PODS_ROOT}/Manifest.lock\" > /dev/null\nif [ $? != 0 ] ; then\n    # print error to STDERR\n    echo \"error: The sandbox is not in sync with the Podfile.lock. Run 'pod install' or update your CocoaPods installation.\" >&2\n    exit 1\nfi\n# This output is used by Xcode 'outputs' to avoid re-running this script phase.\necho \"SUCCESS\" > \"${SCRIPT_OUTPUT_FILE_0}\"\n";
			showEnvVarsInLog = 0;
		};
/* End PBXShellScriptBuildPhase section */

/* Begin PBXSourcesBuildPhase section */
		AEBAAC00220CC58F002E32BB /* Sources */ = {
			isa = PBXSourcesBuildPhase;
			buildActionMask = 2147483647;
			files = (
				AEBAAC23220CC862002E32BB /* User.swift in Sources */,
				AE03B916220D93A60017B053 /* UIColor+Extensions.swift in Sources */,
				AE03B904220CCD9D0017B053 /* UploadViewController.swift in Sources */,
				AE03B8F6220CCAEA0017B053 /* UserDAO.swift in Sources */,
				AE03B900220CCD4B0017B053 /* MainTabController.swift in Sources */,
				AE03B902220CCD840017B053 /* FeedViewCell.swift in Sources */,
				AEBAAC21220CC84E002E32BB /* Post.swift in Sources */,
				AE03B912220D93020017B053 /* GradientHandler.swift in Sources */,
				AE03B8FC220CCBCB0017B053 /* RegisterViewController.swift in Sources */,
				AE03B91A220D9C4D0017B053 /* ProfileViewCell.swift in Sources */,
				AE03B91C220DA8DD0017B053 /* ProfileCollectionViewController.swift in Sources */,
				AE03B907220CD2800017B053 /* CameraHandler.swift in Sources */,
				AE03B8FE220CCD1F0017B053 /* FeedTableViewController.swift in Sources */,
				AE03B8F4220CCAC50017B053 /* AuthenticationDAO.swift in Sources */,
				AE03B918220D9B690017B053 /* ProfileViewController.swift in Sources */,
				AE03B8FA220CCB940017B053 /* LoginViewController.swift in Sources */,
				AE03B8F8220CCAFB0017B053 /* PostDAO.swift in Sources */,
				AEBAAC08220CC58F002E32BB /* AppDelegate.swift in Sources */,
			);
			runOnlyForDeploymentPostprocessing = 0;
		};
/* End PBXSourcesBuildPhase section */

/* Begin XCBuildConfiguration section */
		AEBAAC14220CC591002E32BB /* Debug */ = {
			isa = XCBuildConfiguration;
			buildSettings = {
				ALWAYS_SEARCH_USER_PATHS = NO;
				CLANG_ANALYZER_NONNULL = YES;
				CLANG_ANALYZER_NUMBER_OBJECT_CONVERSION = YES_AGGRESSIVE;
				CLANG_CXX_LANGUAGE_STANDARD = "gnu++14";
				CLANG_CXX_LIBRARY = "libc++";
				CLANG_ENABLE_MODULES = YES;
				CLANG_ENABLE_OBJC_ARC = YES;
				CLANG_ENABLE_OBJC_WEAK = YES;
				CLANG_WARN_BLOCK_CAPTURE_AUTORELEASING = YES;
				CLANG_WARN_BOOL_CONVERSION = YES;
				CLANG_WARN_COMMA = YES;
				CLANG_WARN_CONSTANT_CONVERSION = YES;
				CLANG_WARN_DEPRECATED_OBJC_IMPLEMENTATIONS = YES;
				CLANG_WARN_DIRECT_OBJC_ISA_USAGE = YES_ERROR;
				CLANG_WARN_DOCUMENTATION_COMMENTS = YES;
				CLANG_WARN_EMPTY_BODY = YES;
				CLANG_WARN_ENUM_CONVERSION = YES;
				CLANG_WARN_INFINITE_RECURSION = YES;
				CLANG_WARN_INT_CONVERSION = YES;
				CLANG_WARN_NON_LITERAL_NULL_CONVERSION = YES;
				CLANG_WARN_OBJC_IMPLICIT_RETAIN_SELF = YES;
				CLANG_WARN_OBJC_LITERAL_CONVERSION = YES;
				CLANG_WARN_OBJC_ROOT_CLASS = YES_ERROR;
				CLANG_WARN_RANGE_LOOP_ANALYSIS = YES;
				CLANG_WARN_STRICT_PROTOTYPES = YES;
				CLANG_WARN_SUSPICIOUS_MOVE = YES;
				CLANG_WARN_UNGUARDED_AVAILABILITY = YES_AGGRESSIVE;
				CLANG_WARN_UNREACHABLE_CODE = YES;
				CLANG_WARN__DUPLICATE_METHOD_MATCH = YES;
				CODE_SIGN_IDENTITY = "iPhone Developer";
				COPY_PHASE_STRIP = NO;
				DEBUG_INFORMATION_FORMAT = dwarf;
				ENABLE_STRICT_OBJC_MSGSEND = YES;
				ENABLE_TESTABILITY = YES;
				GCC_C_LANGUAGE_STANDARD = gnu11;
				GCC_DYNAMIC_NO_PIC = NO;
				GCC_NO_COMMON_BLOCKS = YES;
				GCC_OPTIMIZATION_LEVEL = 0;
				GCC_PREPROCESSOR_DEFINITIONS = (
					"DEBUG=1",
					"$(inherited)",
				);
				GCC_WARN_64_TO_32_BIT_CONVERSION = YES;
				GCC_WARN_ABOUT_RETURN_TYPE = YES_ERROR;
				GCC_WARN_UNDECLARED_SELECTOR = YES;
				GCC_WARN_UNINITIALIZED_AUTOS = YES_AGGRESSIVE;
				GCC_WARN_UNUSED_FUNCTION = YES;
				GCC_WARN_UNUSED_VARIABLE = YES;
				IPHONEOS_DEPLOYMENT_TARGET = 12.1;
				MTL_ENABLE_DEBUG_INFO = INCLUDE_SOURCE;
				MTL_FAST_MATH = YES;
				ONLY_ACTIVE_ARCH = YES;
				SDKROOT = iphoneos;
				SWIFT_ACTIVE_COMPILATION_CONDITIONS = DEBUG;
				SWIFT_OPTIMIZATION_LEVEL = "-Onone";
			};
			name = Debug;
		};
		AEBAAC15220CC591002E32BB /* Release */ = {
			isa = XCBuildConfiguration;
			buildSettings = {
				ALWAYS_SEARCH_USER_PATHS = NO;
				CLANG_ANALYZER_NONNULL = YES;
				CLANG_ANALYZER_NUMBER_OBJECT_CONVERSION = YES_AGGRESSIVE;
				CLANG_CXX_LANGUAGE_STANDARD = "gnu++14";
				CLANG_CXX_LIBRARY = "libc++";
				CLANG_ENABLE_MODULES = YES;
				CLANG_ENABLE_OBJC_ARC = YES;
				CLANG_ENABLE_OBJC_WEAK = YES;
				CLANG_WARN_BLOCK_CAPTURE_AUTORELEASING = YES;
				CLANG_WARN_BOOL_CONVERSION = YES;
				CLANG_WARN_COMMA = YES;
				CLANG_WARN_CONSTANT_CONVERSION = YES;
				CLANG_WARN_DEPRECATED_OBJC_IMPLEMENTATIONS = YES;
				CLANG_WARN_DIRECT_OBJC_ISA_USAGE = YES_ERROR;
				CLANG_WARN_DOCUMENTATION_COMMENTS = YES;
				CLANG_WARN_EMPTY_BODY = YES;
				CLANG_WARN_ENUM_CONVERSION = YES;
				CLANG_WARN_INFINITE_RECURSION = YES;
				CLANG_WARN_INT_CONVERSION = YES;
				CLANG_WARN_NON_LITERAL_NULL_CONVERSION = YES;
				CLANG_WARN_OBJC_IMPLICIT_RETAIN_SELF = YES;
				CLANG_WARN_OBJC_LITERAL_CONVERSION = YES;
				CLANG_WARN_OBJC_ROOT_CLASS = YES_ERROR;
				CLANG_WARN_RANGE_LOOP_ANALYSIS = YES;
				CLANG_WARN_STRICT_PROTOTYPES = YES;
				CLANG_WARN_SUSPICIOUS_MOVE = YES;
				CLANG_WARN_UNGUARDED_AVAILABILITY = YES_AGGRESSIVE;
				CLANG_WARN_UNREACHABLE_CODE = YES;
				CLANG_WARN__DUPLICATE_METHOD_MATCH = YES;
				CODE_SIGN_IDENTITY = "iPhone Developer";
				COPY_PHASE_STRIP = NO;
				DEBUG_INFORMATION_FORMAT = "dwarf-with-dsym";
				ENABLE_NS_ASSERTIONS = NO;
				ENABLE_STRICT_OBJC_MSGSEND = YES;
				GCC_C_LANGUAGE_STANDARD = gnu11;
				GCC_NO_COMMON_BLOCKS = YES;
				GCC_WARN_64_TO_32_BIT_CONVERSION = YES;
				GCC_WARN_ABOUT_RETURN_TYPE = YES_ERROR;
				GCC_WARN_UNDECLARED_SELECTOR = YES;
				GCC_WARN_UNINITIALIZED_AUTOS = YES_AGGRESSIVE;
				GCC_WARN_UNUSED_FUNCTION = YES;
				GCC_WARN_UNUSED_VARIABLE = YES;
				IPHONEOS_DEPLOYMENT_TARGET = 12.1;
				MTL_ENABLE_DEBUG_INFO = NO;
				MTL_FAST_MATH = YES;
				SDKROOT = iphoneos;
				SWIFT_COMPILATION_MODE = wholemodule;
				SWIFT_OPTIMIZATION_LEVEL = "-O";
				VALIDATE_PRODUCT = YES;
			};
			name = Release;
		};
		AEBAAC17220CC591002E32BB /* Debug */ = {
			isa = XCBuildConfiguration;
			baseConfigurationReference = BEAC547DD5734449B32922F2 /* Pods-instapet.debug.xcconfig */;
			buildSettings = {
				ASSETCATALOG_COMPILER_APPICON_NAME = AppIcon;
				CODE_SIGN_STYLE = Manual;
				DEVELOPMENT_TEAM = "";
				INFOPLIST_FILE = instapet/Info.plist;
				LD_RUNPATH_SEARCH_PATHS = (
					"$(inherited)",
					"@executable_path/Frameworks",
				);
				PRODUCT_BUNDLE_IDENTIFIER = com.colman.instapet;
				PRODUCT_NAME = "$(TARGET_NAME)";
				PROVISIONING_PROFILE_SPECIFIER = "";
				SWIFT_VERSION = 4.2;
				TARGETED_DEVICE_FAMILY = "1,2";
			};
			name = Debug;
		};
		AEBAAC18220CC591002E32BB /* Release */ = {
			isa = XCBuildConfiguration;
			baseConfigurationReference = A05F8E617C47F503419924EA /* Pods-instapet.release.xcconfig */;
			buildSettings = {
				ASSETCATALOG_COMPILER_APPICON_NAME = AppIcon;
				CODE_SIGN_STYLE = Manual;
				DEVELOPMENT_TEAM = "";
				INFOPLIST_FILE = instapet/Info.plist;
				LD_RUNPATH_SEARCH_PATHS = (
					"$(inherited)",
					"@executable_path/Frameworks",
				);
				PRODUCT_BUNDLE_IDENTIFIER = com.colman.instapet;
				PRODUCT_NAME = "$(TARGET_NAME)";
				PROVISIONING_PROFILE_SPECIFIER = "";
				SWIFT_VERSION = 4.2;
				TARGETED_DEVICE_FAMILY = "1,2";
			};
			name = Release;
		};
/* End XCBuildConfiguration section */

/* Begin XCConfigurationList section */
		AEBAABFF220CC58F002E32BB /* Build configuration list for PBXProject "instapet" */ = {
			isa = XCConfigurationList;
			buildConfigurations = (
				AEBAAC14220CC591002E32BB /* Debug */,
				AEBAAC15220CC591002E32BB /* Release */,
			);
			defaultConfigurationIsVisible = 0;
			defaultConfigurationName = Release;
		};
		AEBAAC16220CC591002E32BB /* Build configuration list for PBXNativeTarget "instapet" */ = {
			isa = XCConfigurationList;
			buildConfigurations = (
				AEBAAC17220CC591002E32BB /* Debug */,
				AEBAAC18220CC591002E32BB /* Release */,
			);
			defaultConfigurationIsVisible = 0;
			defaultConfigurationName = Release;
		};
/* End XCConfigurationList section */
	};
	rootObject = AEBAABFC220CC58F002E32BB /* Project object */;
}
